
Microsoft Visual Studio Solution File, Format Version 12.00
# Visual Studio Version 16
VisualStudioVersion = 16.0.33529.622
MinimumVisualStudioVersion = 10.0.40219.1
Project("{FAE04EC0-301F-11D3-BF4B-00C04F79EFBC}") = "ToDoListWebApp", "ToDoListWebApp\ToDoListWebApp.csproj", "{2E2910A2-36C6-4E55-A76A-7A9CBF29FBE9}"
EndProject
Global
	GlobalSection(SolutionConfigurationPlatforms) = preSolution
		Debug|Any CPU = Debug|Any CPU
		Release|Any CPU = Release|Any CPU
	EndGlobalSection
	GlobalSection(ProjectConfigurationPlatforms) = postSolution
		{2E2910A2-36C6-4E55-A76A-7A9CBF29FBE9}.Debug|Any CPU.ActiveCfg = Debug|Any CPU
		{2E2910A2-36C6-4E55-A76A-7A9CBF29FBE9}.Debug|Any CPU.Build.0 = Debug|Any CPU
		{2E2910A2-36C6-4E55-A76A-7A9CBF29FBE9}.Release|Any CPU.ActiveCfg = Release|Any CPU
		{2E2910A2-36C6-4E55-A76A-7A9CBF29FBE9}.Release|Any CPU.Build.0 = Release|Any CPU
	EndGlobalSection
	GlobalSection(SolutionProperties) = preSolution
		HideSolutionNode = FALSE
	EndGlobalSection
	GlobalSection(ExtensibilityGlobals) = postSolution
		SolutionGuid = {599A0F8E-BD64-4303-A15B-5C3194792838}
	EndGlobalSection
EndGlobal
